
Microsoft Visual Studio Solution File, Format Version 12.00
# Visual Studio Version 17
VisualStudioVersion = 17.0.32112.339
MinimumVisualStudioVersion = 10.0.40219.1
Project("{9A19103F-16F7-4668-BE54-9A1E7A4F7556}") = "ApiGateway", "ApiGateway\ApiGateway.csproj", "{FD30BBB2-EFEE-4D7A-BD46-33830C248FE9}"
EndProject
Project("{9A19103F-16F7-4668-BE54-9A1E7A4F7556}") = "ApiAuth", "ApiAuth\ApiAuth.csproj", "{A997CBAA-78CD-4CAD-AD00-1DD1AEBB59D1}"
EndProject
Project("{9A19103F-16F7-4668-BE54-9A1E7A4F7556}") = "ApiPlan", "ApiPlan\ApiPlan.csproj", "{F9DE7A64-9BF3-40FD-BE51-16F1F16A2452}"
EndProject
Project("{9A19103F-16F7-4668-BE54-9A1E7A4F7556}") = "ApiStore", "ApiStore\ApiStore.csproj", "{EBACBD57-09AA-4DD9-BE39-C338D089EA17}"
EndProject
Project("{9A19103F-16F7-4668-BE54-9A1E7A4F7556}") = "ApiReport", "ApiReport\ApiReport.csproj", "{8A45BEB9-E76C-40CE-AA14-9DCA79E53A1B}"
EndProject
Project("{9A19103F-16F7-4668-BE54-9A1E7A4F7556}") = "ApiEquip", "ApiEquip\ApiEquip.csproj", "{D40F478D-ECF8-40AD-AD18-0AA723DEEC55}"
EndProject
Project("{9A19103F-16F7-4668-BE54-9A1E7A4F7556}") = "WmsApi.Domain", "WmsApi.Domain\WmsApi.Domain.csproj", "{457401FA-FEC5-4EE3-93D0-73D2337B03CF}"
EndProject
Project("{2150E333-8FDC-42A3-9474-1A3956D46DE8}") = "2 API", "2 API", "{8DD9573F-9972-43C4-9346-411653477159}"
EndProject
Project("{2150E333-8FDC-42A3-9474-1A3956D46DE8}") = "3 Domain", "3 Domain", "{CFC00C5C-D569-420E-A9FB-3CAA910BB237}"
EndProject
Project("{2150E333-8FDC-42A3-9474-1A3956D46DE8}") = "1 Gateway", "1 Gateway", "{167EAC13-2B71-458E-9D58-69A66EBE2DE7}"
EndProject
Project("{9A19103F-16F7-4668-BE54-9A1E7A4F7556}") = "WmsApi.Contracts", "WmsApi.Contracts\WmsApi.Contracts.csproj", "{20C7F4D7-659E-4A66-94B2-39B17366EAF6}"
EndProject
Project("{9A19103F-16F7-4668-BE54-9A1E7A4F7556}") = "ApiAdmin", "ApiAdmin\ApiAdmin.csproj", "{E47F4D89-F82F-4781-AA31-4CA9437900F1}"
EndProject
Project("{9A19103F-16F7-4668-BE54-9A1E7A4F7556}") = "ApiTracker", "ApiTracker\ApiTracker.csproj", "{8434A8E3-E3B9-41E3-A2EF-9F4D9C39CF9A}"
EndProject
Project("{9A19103F-16F7-4668-BE54-9A1E7A4F7556}") = "BaseWebApi", "BaseWebApi\BaseWebApi.csproj", "{2B64D076-27B3-4204-8B63-61CF7FED02DF}"
EndProject
Project("{9A19103F-16F7-4668-BE54-9A1E7A4F7556}") = "WmsApi.Interfaces", "WmsApi.Interfaces\WmsApi.Interfaces.csproj", "{7FB8620A-1ED2-49D6-806C-19E1C0057F87}"
EndProject
Global
	GlobalSection(SolutionConfigurationPlatforms) = preSolution
		Debug|Any CPU = Debug|Any CPU
		Release|Any CPU = Release|Any CPU
	EndGlobalSection
	GlobalSection(ProjectConfigurationPlatforms) = postSolution
		{FD30BBB2-EFEE-4D7A-BD46-33830C248FE9}.Debug|Any CPU.ActiveCfg = Debug|Any CPU
		{FD30BBB2-EFEE-4D7A-BD46-33830C248FE9}.Debug|Any CPU.Build.0 = Debug|Any CPU
		{FD30BBB2-EFEE-4D7A-BD46-33830C248FE9}.Release|Any CPU.ActiveCfg = Release|Any CPU
		{FD30BBB2-EFEE-4D7A-BD46-33830C248FE9}.Release|Any CPU.Build.0 = Release|Any CPU
		{A997CBAA-78CD-4CAD-AD00-1DD1AEBB59D1}.Debug|Any CPU.ActiveCfg = Debug|Any CPU
		{A997CBAA-78CD-4CAD-AD00-1DD1AEBB59D1}.Debug|Any CPU.Build.0 = Debug|Any CPU
		{A997CBAA-78CD-4CAD-AD00-1DD1AEBB59D1}.Release|Any CPU.ActiveCfg = Release|Any CPU
		{A997CBAA-78CD-4CAD-AD00-1DD1AEBB59D1}.Release|Any CPU.Build.0 = Release|Any CPU
		{F9DE7A64-9BF3-40FD-BE51-16F1F16A2452}.Debug|Any CPU.ActiveCfg = Debug|Any CPU
		{F9DE7A64-9BF3-40FD-BE51-16F1F16A2452}.Debug|Any CPU.Build.0 = Debug|Any CPU
		{F9DE7A64-9BF3-40FD-BE51-16F1F16A2452}.Release|Any CPU.ActiveCfg = Release|Any CPU
		{F9DE7A64-9BF3-40FD-BE51-16F1F16A2452}.Release|Any CPU.Build.0 = Release|Any CPU
		{EBACBD57-09AA-4DD9-BE39-C338D089EA17}.Debug|Any CPU.ActiveCfg = Debug|Any CPU
		{EBACBD57-09AA-4DD9-BE39-C338D089EA17}.Debug|Any CPU.Build.0 = Debug|Any CPU
		{EBACBD57-09AA-4DD9-BE39-C338D089EA17}.Release|Any CPU.ActiveCfg = Release|Any CPU
		{EBACBD57-09AA-4DD9-BE39-C338D089EA17}.Release|Any CPU.Build.0 = Release|Any CPU
		{8A45BEB9-E76C-40CE-AA14-9DCA79E53A1B}.Debug|Any CPU.ActiveCfg = Debug|Any CPU
		{8A45BEB9-E76C-40CE-AA14-9DCA79E53A1B}.Debug|Any CPU.Build.0 = Debug|Any CPU
		{8A45BEB9-E76C-40CE-AA14-9DCA79E53A1B}.Release|Any CPU.ActiveCfg = Release|Any CPU
		{8A45BEB9-E76C-40CE-AA14-9DCA79E53A1B}.Release|Any CPU.Build.0 = Release|Any CPU
		{D40F478D-ECF8-40AD-AD18-0AA723DEEC55}.Debug|Any CPU.ActiveCfg = Debug|Any CPU
		{D40F478D-ECF8-40AD-AD18-0AA723DEEC55}.Debug|Any CPU.Build.0 = Debug|Any CPU
		{D40F478D-ECF8-40AD-AD18-0AA723DEEC55}.Release|Any CPU.ActiveCfg = Release|Any CPU
		{D40F478D-ECF8-40AD-AD18-0AA723DEEC55}.Release|Any CPU.Build.0 = Release|Any CPU
		{457401FA-FEC5-4EE3-93D0-73D2337B03CF}.Debug|Any CPU.ActiveCfg = Debug|Any CPU
		{457401FA-FEC5-4EE3-93D0-73D2337B03CF}.Debug|Any CPU.Build.0 = Debug|Any CPU
		{457401FA-FEC5-4EE3-93D0-73D2337B03CF}.Release|Any CPU.ActiveCfg = Release|Any CPU
		{457401FA-FEC5-4EE3-93D0-73D2337B03CF}.Release|Any CPU.Build.0 = Release|Any CPU
		{20C7F4D7-659E-4A66-94B2-39B17366EAF6}.Debug|Any CPU.ActiveCfg = Debug|Any CPU
		{20C7F4D7-659E-4A66-94B2-39B17366EAF6}.Debug|Any CPU.Build.0 = Debug|Any CPU
		{20C7F4D7-659E-4A66-94B2-39B17366EAF6}.Release|Any CPU.ActiveCfg = Release|Any CPU
		{20C7F4D7-659E-4A66-94B2-39B17366EAF6}.Release|Any CPU.Build.0 = Release|Any CPU
		{E47F4D89-F82F-4781-AA31-4CA9437900F1}.Debug|Any CPU.ActiveCfg = Debug|Any CPU
		{E47F4D89-F82F-4781-AA31-4CA9437900F1}.Debug|Any CPU.Build.0 = Debug|Any CPU
		{E47F4D89-F82F-4781-AA31-4CA9437900F1}.Release|Any CPU.ActiveCfg = Release|Any CPU
		{E47F4D89-F82F-4781-AA31-4CA9437900F1}.Release|Any CPU.Build.0 = Release|Any CPU
		{8434A8E3-E3B9-41E3-A2EF-9F4D9C39CF9A}.Debug|Any CPU.ActiveCfg = Debug|Any CPU
		{8434A8E3-E3B9-41E3-A2EF-9F4D9C39CF9A}.Debug|Any CPU.Build.0 = Debug|Any CPU
		{8434A8E3-E3B9-41E3-A2EF-9F4D9C39CF9A}.Release|Any CPU.ActiveCfg = Release|Any CPU
		{8434A8E3-E3B9-41E3-A2EF-9F4D9C39CF9A}.Release|Any CPU.Build.0 = Release|Any CPU
		{2B64D076-27B3-4204-8B63-61CF7FED02DF}.Debug|Any CPU.ActiveCfg = Debug|Any CPU
		{2B64D076-27B3-4204-8B63-61CF7FED02DF}.Debug|Any CPU.Build.0 = Debug|Any CPU
		{2B64D076-27B3-4204-8B63-61CF7FED02DF}.Release|Any CPU.ActiveCfg = Release|Any CPU
		{2B64D076-27B3-4204-8B63-61CF7FED02DF}.Release|Any CPU.Build.0 = Release|Any CPU
		{7FB8620A-1ED2-49D6-806C-19E1C0057F87}.Debug|Any CPU.ActiveCfg = Debug|Any CPU
		{7FB8620A-1ED2-49D6-806C-19E1C0057F87}.Debug|Any CPU.Build.0 = Debug|Any CPU
		{7FB8620A-1ED2-49D6-806C-19E1C0057F87}.Release|Any CPU.ActiveCfg = Release|Any CPU
		{7FB8620A-1ED2-49D6-806C-19E1C0057F87}.Release|Any CPU.Build.0 = Release|Any CPU
	EndGlobalSection
	GlobalSection(SolutionProperties) = preSolution
		HideSolutionNode = FALSE
	EndGlobalSection
	GlobalSection(NestedProjects) = preSolution
		{FD30BBB2-EFEE-4D7A-BD46-33830C248FE9} = {167EAC13-2B71-458E-9D58-69A66EBE2DE7}
		{A997CBAA-78CD-4CAD-AD00-1DD1AEBB59D1} = {8DD9573F-9972-43C4-9346-411653477159}
		{F9DE7A64-9BF3-40FD-BE51-16F1F16A2452} = {8DD9573F-9972-43C4-9346-411653477159}
		{EBACBD57-09AA-4DD9-BE39-C338D089EA17} = {8DD9573F-9972-43C4-9346-411653477159}
		{8A45BEB9-E76C-40CE-AA14-9DCA79E53A1B} = {8DD9573F-9972-43C4-9346-411653477159}
		{D40F478D-ECF8-40AD-AD18-0AA723DEEC55} = {8DD9573F-9972-43C4-9346-411653477159}
		{457401FA-FEC5-4EE3-93D0-73D2337B03CF} = {CFC00C5C-D569-420E-A9FB-3CAA910BB237}
		{20C7F4D7-659E-4A66-94B2-39B17366EAF6} = {CFC00C5C-D569-420E-A9FB-3CAA910BB237}
		{E47F4D89-F82F-4781-AA31-4CA9437900F1} = {8DD9573F-9972-43C4-9346-411653477159}
		{8434A8E3-E3B9-41E3-A2EF-9F4D9C39CF9A} = {8DD9573F-9972-43C4-9346-411653477159}
		{2B64D076-27B3-4204-8B63-61CF7FED02DF} = {8DD9573F-9972-43C4-9346-411653477159}
		{7FB8620A-1ED2-49D6-806C-19E1C0057F87} = {CFC00C5C-D569-420E-A9FB-3CAA910BB237}
	EndGlobalSection
	GlobalSection(ExtensibilityGlobals) = postSolution
		SolutionGuid = {C061D62C-644F-4ACA-B85B-53BA72760D26}
	EndGlobalSection
EndGlobal
